
Microsoft Visual Studio Solution File, Format Version 12.00
# Visual Studio Version 17
VisualStudioVersion = 17.7.34302.85
MinimumVisualStudioVersion = 10.0.40219.1
Project("{FAE04EC0-301F-11D3-BF4B-00C04F79EFBC}") = "TiendaVirtual", "TiendaVirtual\TiendaVirtual.csproj", "{0F791BD7-22D8-422B-B368-2A0C466B3C85}"
EndProject
Project("{FAE04EC0-301F-11D3-BF4B-00C04F79EFBC}") = "dominio", "..\..\Nivel 2\TPFinalNivel2_Torres\dominio\dominio.csproj", "{05C4626C-1315-4F09-9182-16EC6ECF7EE8}"
EndProject
Project("{FAE04EC0-301F-11D3-BF4B-00C04F79EFBC}") = "negocio", "..\..\Nivel 2\TPFinalNivel2_Torres\negocio\negocio.csproj", "{31507F69-9555-4F30-A262-772C41076FAB}"
EndProject
Global
	GlobalSection(SolutionConfigurationPlatforms) = preSolution
		Debug|Any CPU = Debug|Any CPU
		Release|Any CPU = Release|Any CPU
	EndGlobalSection
	GlobalSection(ProjectConfigurationPlatforms) = postSolution
		{0F791BD7-22D8-422B-B368-2A0C466B3C85}.Debug|Any CPU.ActiveCfg = Debug|Any CPU
		{0F791BD7-22D8-422B-B368-2A0C466B3C85}.Debug|Any CPU.Build.0 = Debug|Any CPU
		{0F791BD7-22D8-422B-B368-2A0C466B3C85}.Release|Any CPU.ActiveCfg = Release|Any CPU
		{0F791BD7-22D8-422B-B368-2A0C466B3C85}.Release|Any CPU.Build.0 = Release|Any CPU
		{05C4626C-1315-4F09-9182-16EC6ECF7EE8}.Debug|Any CPU.ActiveCfg = Debug|Any CPU
		{05C4626C-1315-4F09-9182-16EC6ECF7EE8}.Debug|Any CPU.Build.0 = Debug|Any CPU
		{05C4626C-1315-4F09-9182-16EC6ECF7EE8}.Release|Any CPU.ActiveCfg = Release|Any CPU
		{05C4626C-1315-4F09-9182-16EC6ECF7EE8}.Release|Any CPU.Build.0 = Release|Any CPU
		{31507F69-9555-4F30-A262-772C41076FAB}.Debug|Any CPU.ActiveCfg = Debug|Any CPU
		{31507F69-9555-4F30-A262-772C41076FAB}.Debug|Any CPU.Build.0 = Debug|Any CPU
		{31507F69-9555-4F30-A262-772C41076FAB}.Release|Any CPU.ActiveCfg = Release|Any CPU
		{31507F69-9555-4F30-A262-772C41076FAB}.Release|Any CPU.Build.0 = Release|Any CPU
	EndGlobalSection
	GlobalSection(SolutionProperties) = preSolution
		HideSolutionNode = FALSE
	EndGlobalSection
	GlobalSection(ExtensibilityGlobals) = postSolution
		SolutionGuid = {7629D48B-60CB-451F-8EBA-DFA27774DF10}
	EndGlobalSection
EndGlobal
